
Microsoft Visual Studio Solution File, Format Version 12.00
# Visual Studio 15
VisualStudioVersion = 15.0.27130.2027
MinimumVisualStudioVersion = 10.0.40219.1
Project("{FAE04EC0-301F-11D3-BF4B-00C04F79EFBC}") = "Library_Server", "Library_Server\Library_Server.csproj", "{BEEC0DDE-EA95-489B-854E-E03F17B763D1}"
EndProject
Global
	GlobalSection(SolutionConfigurationPlatforms) = preSolution
		Debug|Any CPU = Debug|Any CPU
		Release|Any CPU = Release|Any CPU
	EndGlobalSection
	GlobalSection(ProjectConfigurationPlatforms) = postSolution
		{BEEC0DDE-EA95-489B-854E-E03F17B763D1}.Debug|Any CPU.ActiveCfg = Debug|Any CPU
		{BEEC0DDE-EA95-489B-854E-E03F17B763D1}.Debug|Any CPU.Build.0 = Debug|Any CPU
		{BEEC0DDE-EA95-489B-854E-E03F17B763D1}.Release|Any CPU.ActiveCfg = Release|Any CPU
		{BEEC0DDE-EA95-489B-854E-E03F17B763D1}.Release|Any CPU.Build.0 = Release|Any CPU
	EndGlobalSection
	GlobalSection(SolutionProperties) = preSolution
		HideSolutionNode = FALSE
	EndGlobalSection
	GlobalSection(ExtensibilityGlobals) = postSolution
		SolutionGuid = {F4DCE7CC-D284-42C7-A4A0-79C0A5900992}
	EndGlobalSection
EndGlobal
